
Microsoft Visual Studio Solution File, Format Version 12.00
# Visual Studio 15
VisualStudioVersion = 15.0.28010.2016
MinimumVisualStudioVersion = 10.0.40219.1
Project("{FAE04EC0-301F-11D3-BF4B-00C04F79EFBC}") = "anajera 1b 1", "anajera 1b 1\anajera 1b 1.csproj", "{02D3F61D-8FDC-49DB-B690-6DE3A2D80149}"
EndProject
Project("{FAE04EC0-301F-11D3-BF4B-00C04F79EFBC}") = "anajera 2a1", "anajera 2a1\anajera 2a1.csproj", "{8DC5BC6C-2DD7-4474-B7A0-62E8804E35B5}"
EndProject
Project("{FAE04EC0-301F-11D3-BF4B-00C04F79EFBC}") = "anajera 2c1", "anajera 2c1\anajera 2c1.csproj", "{15348F63-93A5-4A10-BE9B-4814584EB9EF}"
EndProject
Project("{FAE04EC0-301F-11D3-BF4B-00C04F79EFBC}") = "anajera2d1", "anajera2d\anajera2d1.csproj", "{71E99B7A-292F-4BDC-AEAC-CFE52A95EB2A}"
EndProject
Project("{FAE04EC0-301F-11D3-BF4B-00C04F79EFBC}") = "anajera2e1", "anajera2e1\anajera2e1.csproj", "{459EFC8C-3C10-4BC0-B2BF-3FBEB1A14825}"
EndProject
Project("{FAE04EC0-301F-11D3-BF4B-00C04F79EFBC}") = "anajera1g1", "anajera1g1\anajera1g1.csproj", "{61D79DF7-3FAC-43D8-8EE3-50E73A7FEEDC}"
EndProject
Project("{FAE04EC0-301F-11D3-BF4B-00C04F79EFBC}") = "anajera2g2", "anajera2g2\anajera2g2.csproj", "{E3D70A0F-B20B-4F03-80A7-0AA1CB5634A0}"
EndProject
Global
	GlobalSection(SolutionConfigurationPlatforms) = preSolution
		Debug|Any CPU = Debug|Any CPU
		Release|Any CPU = Release|Any CPU
	EndGlobalSection
	GlobalSection(ProjectConfigurationPlatforms) = postSolution
		{02D3F61D-8FDC-49DB-B690-6DE3A2D80149}.Debug|Any CPU.ActiveCfg = Debug|Any CPU
		{02D3F61D-8FDC-49DB-B690-6DE3A2D80149}.Debug|Any CPU.Build.0 = Debug|Any CPU
		{02D3F61D-8FDC-49DB-B690-6DE3A2D80149}.Release|Any CPU.ActiveCfg = Release|Any CPU
		{02D3F61D-8FDC-49DB-B690-6DE3A2D80149}.Release|Any CPU.Build.0 = Release|Any CPU
		{8DC5BC6C-2DD7-4474-B7A0-62E8804E35B5}.Debug|Any CPU.ActiveCfg = Debug|Any CPU
		{8DC5BC6C-2DD7-4474-B7A0-62E8804E35B5}.Debug|Any CPU.Build.0 = Debug|Any CPU
		{8DC5BC6C-2DD7-4474-B7A0-62E8804E35B5}.Release|Any CPU.ActiveCfg = Release|Any CPU
		{8DC5BC6C-2DD7-4474-B7A0-62E8804E35B5}.Release|Any CPU.Build.0 = Release|Any CPU
		{15348F63-93A5-4A10-BE9B-4814584EB9EF}.Debug|Any CPU.ActiveCfg = Debug|Any CPU
		{15348F63-93A5-4A10-BE9B-4814584EB9EF}.Debug|Any CPU.Build.0 = Debug|Any CPU
		{15348F63-93A5-4A10-BE9B-4814584EB9EF}.Release|Any CPU.ActiveCfg = Release|Any CPU
		{15348F63-93A5-4A10-BE9B-4814584EB9EF}.Release|Any CPU.Build.0 = Release|Any CPU
		{71E99B7A-292F-4BDC-AEAC-CFE52A95EB2A}.Debug|Any CPU.ActiveCfg = Debug|Any CPU
		{71E99B7A-292F-4BDC-AEAC-CFE52A95EB2A}.Debug|Any CPU.Build.0 = Debug|Any CPU
		{71E99B7A-292F-4BDC-AEAC-CFE52A95EB2A}.Release|Any CPU.ActiveCfg = Release|Any CPU
		{71E99B7A-292F-4BDC-AEAC-CFE52A95EB2A}.Release|Any CPU.Build.0 = Release|Any CPU
		{459EFC8C-3C10-4BC0-B2BF-3FBEB1A14825}.Debug|Any CPU.ActiveCfg = Debug|Any CPU
		{459EFC8C-3C10-4BC0-B2BF-3FBEB1A14825}.Debug|Any CPU.Build.0 = Debug|Any CPU
		{459EFC8C-3C10-4BC0-B2BF-3FBEB1A14825}.Release|Any CPU.ActiveCfg = Release|Any CPU
		{459EFC8C-3C10-4BC0-B2BF-3FBEB1A14825}.Release|Any CPU.Build.0 = Release|Any CPU
		{61D79DF7-3FAC-43D8-8EE3-50E73A7FEEDC}.Debug|Any CPU.ActiveCfg = Debug|Any CPU
		{61D79DF7-3FAC-43D8-8EE3-50E73A7FEEDC}.Debug|Any CPU.Build.0 = Debug|Any CPU
		{61D79DF7-3FAC-43D8-8EE3-50E73A7FEEDC}.Release|Any CPU.ActiveCfg = Release|Any CPU
		{61D79DF7-3FAC-43D8-8EE3-50E73A7FEEDC}.Release|Any CPU.Build.0 = Release|Any CPU
		{E3D70A0F-B20B-4F03-80A7-0AA1CB5634A0}.Debug|Any CPU.ActiveCfg = Debug|Any CPU
		{E3D70A0F-B20B-4F03-80A7-0AA1CB5634A0}.Debug|Any CPU.Build.0 = Debug|Any CPU
		{E3D70A0F-B20B-4F03-80A7-0AA1CB5634A0}.Release|Any CPU.ActiveCfg = Release|Any CPU
		{E3D70A0F-B20B-4F03-80A7-0AA1CB5634A0}.Release|Any CPU.Build.0 = Release|Any CPU
	EndGlobalSection
	GlobalSection(SolutionProperties) = preSolution
		HideSolutionNode = FALSE
	EndGlobalSection
	GlobalSection(ExtensibilityGlobals) = postSolution
		SolutionGuid = {3D84058C-EF4C-41CC-A4DD-53AC2A06CCA2}
	EndGlobalSection
EndGlobal
